// !$*UTF8*$!
{
	archiveVersion = 1;
	classes = {
	};
	objectVersion = 50;
	objects = {

/* Begin PBXBuildFile section */
		9429A1B721A75AA500EA26EC /* AppDelegate.swift in Sources */ = {isa = PBXBuildFile; fileRef = 9429A1B621A75AA500EA26EC /* AppDelegate.swift */; };
		9429A1B921A75AA500EA26EC /* ViewController.swift in Sources */ = {isa = PBXBuildFile; fileRef = 9429A1B821A75AA500EA26EC /* ViewController.swift */; };
		9429A1BC21A75AA500EA26EC /* Main.storyboard in Resources */ = {isa = PBXBuildFile; fileRef = 9429A1BA21A75AA500EA26EC /* Main.storyboard */; };
		9429A1BE21A75AA700EA26EC /* Assets.xcassets in Resources */ = {isa = PBXBuildFile; fileRef = 9429A1BD21A75AA700EA26EC /* Assets.xcassets */; };
		9429A1C121A75AA700EA26EC /* LaunchScreen.storyboard in Resources */ = {isa = PBXBuildFile; fileRef = 9429A1BF21A75AA700EA26EC /* LaunchScreen.storyboard */; };
		9429A1CC21A75AA700EA26EC /* WhatBugIsThisTests.swift in Sources */ = {isa = PBXBuildFile; fileRef = 9429A1CB21A75AA700EA26EC /* WhatBugIsThisTests.swift */; };
		9429A1D721A75AA700EA26EC /* WhatBugIsThisUITests.swift in Sources */ = {isa = PBXBuildFile; fileRef = 9429A1D621A75AA700EA26EC /* WhatBugIsThisUITests.swift */; };
/* End PBXBuildFile section */

/* Begin PBXContainerItemProxy section */
		9429A1C821A75AA700EA26EC /* PBXContainerItemProxy */ = {
			isa = PBXContainerItemProxy;
			containerPortal = 9429A1AB21A75AA500EA26EC /* Project object */;
			proxyType = 1;
			remoteGlobalIDString = 9429A1B221A75AA500EA26EC;
			remoteInfo = WhatBugIsThis;
		};
		9429A1D321A75AA700EA26EC /* PBXContainerItemProxy */ = {
			isa = PBXContainerItemProxy;
			containerPortal = 9429A1AB21A75AA500EA26EC /* Project object */;
			proxyType = 1;
			remoteGlobalIDString = 9429A1B221A75AA500EA26EC;
			remoteInfo = WhatBugIsThis;
		};
/* End PBXContainerItemProxy section */

/* Begin PBXFileReference section */
		9429A1B321A75AA500EA26EC /* WhatBugIsThis.app */ = {isa = PBXFileReference; explicitFileType = wrapper.application; includeInIndex = 0; path = WhatBugIsThis.app; sourceTree = BUILT_PRODUCTS_DIR; };
		9429A1B621A75AA500EA26EC /* AppDelegate.swift */ = {isa = PBXFileReference; lastKnownFileType = sourcecode.swift; path = AppDelegate.swift; sourceTree = "<group>"; };
		9429A1B821A75AA500EA26EC /* ViewController.swift */ = {isa = PBXFileReference; lastKnownFileType = sourcecode.swift; path = ViewController.swift; sourceTree = "<group>"; };
		9429A1BB21A75AA500EA26EC /* Base */ = {isa = PBXFileReference; lastKnownFileType = file.storyboard; name = Base; path = Base.lproj/Main.storyboard; sourceTree = "<group>"; };
		9429A1BD21A75AA700EA26EC /* Assets.xcassets */ = {isa = PBXFileReference; lastKnownFileType = folder.assetcatalog; path = Assets.xcassets; sourceTree = "<group>"; };
		9429A1C021A75AA700EA26EC /* Base */ = {isa = PBXFileReference; lastKnownFileType = file.storyboard; name = Base; path = Base.lproj/LaunchScreen.storyboard; sourceTree = "<group>"; };
		9429A1C221A75AA700EA26EC /* Info.plist */ = {isa = PBXFileReference; lastKnownFileType = text.plist.xml; path = Info.plist; sourceTree = "<group>"; };
		9429A1C721A75AA700EA26EC /* WhatBugIsThisTests.xctest */ = {isa = PBXFileReference; explicitFileType = wrapper.cfbundle; includeInIndex = 0; path = WhatBugIsThisTests.xctest; sourceTree = BUILT_PRODUCTS_DIR; };
		9429A1CB21A75AA700EA26EC /* WhatBugIsThisTests.swift */ = {isa = PBXFileReference; lastKnownFileType = sourcecode.swift; path = WhatBugIsThisTests.swift; sourceTree = "<group>"; };
		9429A1CD21A75AA700EA26EC /* Info.plist */ = {isa = PBXFileReference; lastKnownFileType = text.plist.xml; path = Info.plist; sourceTree = "<group>"; };
		9429A1D221A75AA700EA26EC /* WhatBugIsThisUITests.xctest */ = {isa = PBXFileReference; explicitFileType = wrapper.cfbundle; includeInIndex = 0; path = WhatBugIsThisUITests.xctest; sourceTree = BUILT_PRODUCTS_DIR; };
		9429A1D621A75AA700EA26EC /* WhatBugIsThisUITests.swift */ = {isa = PBXFileReference; lastKnownFileType = sourcecode.swift; path = WhatBugIsThisUITests.swift; sourceTree = "<group>"; };
		9429A1D821A75AA700EA26EC /* Info.plist */ = {isa = PBXFileReference; lastKnownFileType = text.plist.xml; path = Info.plist; sourceTree = "<group>"; };
/* End PBXFileReference section */

/* Begin PBXFrameworksBuildPhase section */
		9429A1B021A75AA500EA26EC /* Frameworks */ = {
			isa = PBXFrameworksBuildPhase;
			buildActionMask = 2147483647;
			files = (
			);
			runOnlyForDeploymentPostprocessing = 0;
		};
		9429A1C421A75AA700EA26EC /* Frameworks */ = {
			isa = PBXFrameworksBuildPhase;
			buildActionMask = 2147483647;
			files = (
			);
			runOnlyForDeploymentPostprocessing = 0;
		};
		9429A1CF21A75AA700EA26EC /* Frameworks */ = {
			isa = PBXFrameworksBuildPhase;
			buildActionMask = 2147483647;
			files = (
			);
			runOnlyForDeploymentPostprocessing = 0;
		};
/* End PBXFrameworksBuildPhase section */

/* Begin PBXGroup section */
		9429A1AA21A75AA500EA26EC = {
			isa = PBXGroup;
			children = (
				9429A1B521A75AA500EA26EC /* WhatBugIsThis */,
				9429A1CA21A75AA700EA26EC /* WhatBugIsThisTests */,
				9429A1D521A75AA700EA26EC /* WhatBugIsThisUITests */,
				9429A1B421A75AA500EA26EC /* Products */,
			);
			sourceTree = "<group>";
		};
		9429A1B421A75AA500EA26EC /* Products */ = {
			isa = PBXGroup;
			children = (
				9429A1B321A75AA500EA26EC /* WhatBugIsThis.app */,
				9429A1C721A75AA700EA26EC /* WhatBugIsThisTests.xctest */,
				9429A1D221A75AA700EA26EC /* WhatBugIsThisUITests.xctest */,
			);
			name = Products;
			sourceTree = "<group>";
		};
		9429A1B521A75AA500EA26EC /* WhatBugIsThis */ = {
			isa = PBXGroup;
			children = (
				9429A1B621A75AA500EA26EC /* AppDelegate.swift */,
				9429A1B821A75AA500EA26EC /* ViewController.swift */,
				9429A1BA21A75AA500EA26EC /* Main.storyboard */,
				9429A1BD21A75AA700EA26EC /* Assets.xcassets */,
				9429A1BF21A75AA700EA26EC /* LaunchScreen.storyboard */,
				9429A1C221A75AA700EA26EC /* Info.plist */,
			);
			path = WhatBugIsThis;
			sourceTree = "<group>";
		};
		9429A1CA21A75AA700EA26EC /* WhatBugIsThisTests */ = {
			isa = PBXGroup;
			children = (
				9429A1CB21A75AA700EA26EC /* WhatBugIsThisTests.swift */,
				9429A1CD21A75AA700EA26EC /* Info.plist */,
			);
			path = WhatBugIsThisTests;
			sourceTree = "<group>";
		};
		9429A1D521A75AA700EA26EC /* WhatBugIsThisUITests */ = {
			isa = PBXGroup;
			children = (
				9429A1D621A75AA700EA26EC /* WhatBugIsThisUITests.swift */,
				9429A1D821A75AA700EA26EC /* Info.plist */,
			);
			path = WhatBugIsThisUITests;
			sourceTree = "<group>";
		};
/* End PBXGroup section */

/* Begin PBXNativeTarget section */
		9429A1B221A75AA500EA26EC /* WhatBugIsThis */ = {
			isa = PBXNativeTarget;
			buildConfigurationList = 9429A1DB21A75AA700EA26EC /* Build configuration list for PBXNativeTarget "WhatBugIsThis" */;
			buildPhases = (
				9429A1AF21A75AA500EA26EC /* Sources */,
				9429A1B021A75AA500EA26EC /* Frameworks */,
				9429A1B121A75AA500EA26EC /* Resources */,
			);
			buildRules = (
			);
			dependencies = (
			);
			name = WhatBugIsThis;
			productName = WhatBugIsThis;
			productReference = 9429A1B321A75AA500EA26EC /* WhatBugIsThis.app */;
			productType = "com.apple.product-type.application";
		};
		9429A1C621A75AA700EA26EC /* WhatBugIsThisTests */ = {
			isa = PBXNativeTarget;
			buildConfigurationList = 9429A1DE21A75AA700EA26EC /* Build configuration list for PBXNativeTarget "WhatBugIsThisTests" */;
			buildPhases = (
				9429A1C321A75AA700EA26EC /* Sources */,
				9429A1C421A75AA700EA26EC /* Frameworks */,
				9429A1C521A75AA700EA26EC /* Resources */,
			);
			buildRules = (
			);
			dependencies = (
				9429A1C921A75AA700EA26EC /* PBXTargetDependency */,
			);
			name = WhatBugIsThisTests;
			productName = WhatBugIsThisTests;
			productReference = 9429A1C721A75AA700EA26EC /* WhatBugIsThisTests.xctest */;
			productType = "com.apple.product-type.bundle.unit-test";
		};
		9429A1D121A75AA700EA26EC /* WhatBugIsThisUITests */ = {
			isa = PBXNativeTarget;
			buildConfigurationList = 9429A1E121A75AA700EA26EC /* Build configuration list for PBXNativeTarget "WhatBugIsThisUITests" */;
			buildPhases = (
				9429A1CE21A75AA700EA26EC /* Sources */,
				9429A1CF21A75AA700EA26EC /* Frameworks */,
				9429A1D021A75AA700EA26EC /* Resources */,
			);
			buildRules = (
			);
			dependencies = (
				9429A1D421A75AA700EA26EC /* PBXTargetDependency */,
			);
			name = WhatBugIsThisUITests;
			productName = WhatBugIsThisUITests;
			productReference = 9429A1D221A75AA700EA26EC /* WhatBugIsThisUITests.xctest */;
			productType = "com.apple.product-type.bundle.ui-testing";
		};
/* End PBXNativeTarget section */

/* Begin PBXProject section */
		9429A1AB21A75AA500EA26EC /* Project object */ = {
			isa = PBXProject;
			attributes = {
				LastSwiftUpdateCheck = 0940;
				LastUpgradeCheck = 0940;
				ORGANIZATIONNAME = user144818;
				TargetAttributes = {
					9429A1B221A75AA500EA26EC = {
						CreatedOnToolsVersion = 9.4.1;
					};
					9429A1C621A75AA700EA26EC = {
						CreatedOnToolsVersion = 9.4.1;
						TestTargetID = 9429A1B221A75AA500EA26EC;
					};
					9429A1D121A75AA700EA26EC = {
						CreatedOnToolsVersion = 9.4.1;
						TestTargetID = 9429A1B221A75AA500EA26EC;
					};
				};
			};
			buildConfigurationList = 9429A1AE21A75AA500EA26EC /* Build configuration list for PBXProject "WhatBugIsThis" */;
			compatibilityVersion = "Xcode 9.3";
			developmentRegion = en;
			hasScannedForEncodings = 0;
			knownRegions = (
				en,
				Base,
			);
			mainGroup = 9429A1AA21A75AA500EA26EC;
			productRefGroup = 9429A1B421A75AA500EA26EC /* Products */;
			projectDirPath = "";
			projectRoot = "";
			targets = (
				9429A1B221A75AA500EA26EC /* WhatBugIsThis */,
				9429A1C621A75AA700EA26EC /* WhatBugIsThisTests */,
				9429A1D121A75AA700EA26EC /* WhatBugIsThisUITests */,
			);
		};
/* End PBXProject section */

/* Begin PBXResourcesBuildPhase section */
		9429A1B121A75AA500EA26EC /* Resources */ = {
			isa = PBXResourcesBuildPhase;
			buildActionMask = 2147483647;
			files = (
				9429A1C121A75AA700EA26EC /* LaunchScreen.storyboard in Resources */,
				9429A1BE21A75AA700EA26EC /* Assets.xcassets in Resources */,
				9429A1BC21A75AA500EA26EC /* Main.storyboard in Resources */,
			);
			runOnlyForDeploymentPostprocessing = 0;
		};
		9429A1C521A75AA700EA26EC /* Resources */ = {
			isa = PBXResourcesBuildPhase;
			buildActionMask = 2147483647;
			files = (
			);
			runOnlyForDeploymentPostprocessing = 0;
		};
		9429A1D021A75AA700EA26EC /* Resources */ = {
			isa = PBXResourcesBuildPhase;
			buildActionMask = 2147483647;
			files = (
			);
			runOnlyForDeploymentPostprocessing = 0;
		};
/* End PBXResourcesBuildPhase section */

/* Begin PBXSourcesBuildPhase section */
		9429A1AF21A75AA500EA26EC /* Sources */ = {
			isa = PBXSourcesBuildPhase;
			buildActionMask = 2147483647;
			files = (
				9429A1B921A75AA500EA26EC /* ViewController.swift in Sources */,
				9429A1B721A75AA500EA26EC /* AppDelegate.swift in Sources */,
			);
			runOnlyForDeploymentPostprocessing = 0;
		};
		9429A1C321A75AA700EA26EC /* Sources */ = {
			isa = PBXSourcesBuildPhase;
			buildActionMask = 2147483647;
			files = (
				9429A1CC21A75AA700EA26EC /* WhatBugIsThisTests.swift in Sources */,
			);
			runOnlyForDeploymentPostprocessing = 0;
		};
		9429A1CE21A75AA700EA26EC /* Sources */ = {
			isa = PBXSourcesBuildPhase;
			buildActionMask = 2147483647;
			files = (
				9429A1D721A75AA700EA26EC /* WhatBugIsThisUITests.swift in Sources */,
			);
			runOnlyForDeploymentPostprocessing = 0;
		};
/* End PBXSourcesBuildPhase section */

/* Begin PBXTargetDependency section */
		9429A1C921A75AA700EA26EC /* PBXTargetDependency */ = {
			isa = PBXTargetDependency;
			target = 9429A1B221A75AA500EA26EC /* WhatBugIsThis */;
			targetProxy = 9429A1C821A75AA700EA26EC /* PBXContainerItemProxy */;
		};
		9429A1D421A75AA700EA26EC /* PBXTargetDependency */ = {
			isa = PBXTargetDependency;
			target = 9429A1B221A75AA500EA26EC /* WhatBugIsThis */;
			targetProxy = 9429A1D321A75AA700EA26EC /* PBXContainerItemProxy */;
		};
/* End PBXTargetDependency section */

/* Begin PBXVariantGroup section */
		9429A1BA21A75AA500EA26EC /* Main.storyboard */ = {
			isa = PBXVariantGroup;
			children = (
				9429A1BB21A75AA500EA26EC /* Base */,
			);
			name = Main.storyboard;
			sourceTree = "<group>";
		};
		9429A1BF21A75AA700EA26EC /* LaunchScreen.storyboard */ = {
			isa = PBXVariantGroup;
			children = (
				9429A1C021A75AA700EA26EC /* Base */,
			);
			name = LaunchScreen.storyboard;
			sourceTree = "<group>";
		};
/* End PBXVariantGroup section */

/* Begin XCBuildConfiguration section */
		9429A1D921A75AA700EA26EC /* Debug */ = {
			isa = XCBuildConfiguration;
			buildSettings = {
				ALWAYS_SEARCH_USER_PATHS = NO;
				CLANG_ANALYZER_NONNULL = YES;
				CLANG_ANALYZER_NUMBER_OBJECT_CONVERSION = YES_AGGRESSIVE;
				CLANG_CXX_LANGUAGE_STANDARD = "gnu++14";
				CLANG_CXX_LIBRARY = "libc++";
				CLANG_ENABLE_MODULES = YES;
				CLANG_ENABLE_OBJC_ARC = YES;
				CLANG_ENABLE_OBJC_WEAK = YES;
				CLANG_WARN_BLOCK_CAPTURE_AUTORELEASING = YES;
				CLANG_WARN_BOOL_CONVERSION = YES;
				CLANG_WARN_COMMA = YES;
				CLANG_WARN_CONSTANT_CONVERSION = YES;
				CLANG_WARN_DEPRECATED_OBJC_IMPLEMENTATIONS = YES;
				CLANG_WARN_DIRECT_OBJC_ISA_USAGE = YES_ERROR;
				CLANG_WARN_DOCUMENTATION_COMMENTS = YES;
				CLANG_WARN_EMPTY_BODY = YES;
				CLANG_WARN_ENUM_CONVERSION = YES;
				CLANG_WARN_INFINITE_RECURSION = YES;
				CLANG_WARN_INT_CONVERSION = YES;
				CLANG_WARN_NON_LITERAL_NULL_CONVERSION = YES;
				CLANG_WARN_OBJC_IMPLICIT_RETAIN_SELF = YES;
				CLANG_WARN_OBJC_LITERAL_CONVERSION = YES;
				CLANG_WARN_OBJC_ROOT_CLASS = YES_ERROR;
				CLANG_WARN_RANGE_LOOP_ANALYSIS = YES;
				CLANG_WARN_STRICT_PROTOTYPES = YES;
				CLANG_WARN_SUSPICIOUS_MOVE = YES;
				CLANG_WARN_UNGUARDED_AVAILABILITY = YES_AGGRESSIVE;
				CLANG_WARN_UNREACHABLE_CODE = YES;
				CLANG_WARN__DUPLICATE_METHOD_MATCH = YES;
				CODE_SIGN_IDENTITY = "iPhone Developer";
				COPY_PHASE_STRIP = NO;
				DEBUG_INFORMATION_FORMAT = dwarf;
				ENABLE_STRICT_OBJC_MSGSEND = YES;
				ENABLE_TESTABILITY = YES;
				GCC_C_LANGUAGE_STANDARD = gnu11;
				GCC_DYNAMIC_NO_PIC = NO;
				GCC_NO_COMMON_BLOCKS = YES;
				GCC_OPTIMIZATION_LEVEL = 0;
				GCC_PREPROCESSOR_DEFINITIONS = (
					"DEBUG=1",
					"$(inherited)",
				);
				GCC_WARN_64_TO_32_BIT_CONVERSION = YES;
				GCC_WARN_ABOUT_RETURN_TYPE = YES_ERROR;
				GCC_WARN_UNDECLARED_SELECTOR = YES;
				GCC_WARN_UNINITIALIZED_AUTOS = YES_AGGRESSIVE;
				GCC_WARN_UNUSED_FUNCTION = YES;
				GCC_WARN_UNUSED_VARIABLE = YES;
				IPHONEOS_DEPLOYMENT_TARGET = 11.4;
				MTL_ENABLE_DEBUG_INFO = YES;
				ONLY_ACTIVE_ARCH = YES;
				SDKROOT = iphoneos;
				SWIFT_ACTIVE_COMPILATION_CONDITIONS = DEBUG;
				SWIFT_OPTIMIZATION_LEVEL = "-Onone";
			};
			name = Debug;
		};
		9429A1DA21A75AA700EA26EC /* Release */ = {
			isa = XCBuildConfiguration;
			buildSettings = {
				ALWAYS_SEARCH_USER_PATHS = NO;
				CLANG_ANALYZER_NONNULL = YES;
				CLANG_ANALYZER_NUMBER_OBJECT_CONVERSION = YES_AGGRESSIVE;
				CLANG_CXX_LANGUAGE_STANDARD = "gnu++14";
				CLANG_CXX_LIBRARY = "libc++";
				CLANG_ENABLE_MODULES = YES;
				CLANG_ENABLE_OBJC_ARC = YES;
				CLANG_ENABLE_OBJC_WEAK = YES;
				CLANG_WARN_BLOCK_CAPTURE_AUTORELEASING = YES;
				CLANG_WARN_BOOL_CONVERSION = YES;
				CLANG_WARN_COMMA = YES;
				CLANG_WARN_CONSTANT_CONVERSION = YES;
				CLANG_WARN_DEPRECATED_OBJC_IMPLEMENTATIONS = YES;
				CLANG_WARN_DIRECT_OBJC_ISA_USAGE = YES_ERROR;
				CLANG_WARN_DOCUMENTATION_COMMENTS = YES;
				CLANG_WARN_EMPTY_BODY = YES;
				CLANG_WARN_ENUM_CONVERSION = YES;
				CLANG_WARN_INFINITE_RECURSION = YES;
				CLANG_WARN_INT_CONVERSION = YES;
				CLANG_WARN_NON_LITERAL_NULL_CONVERSION = YES;
				CLANG_WARN_OBJC_IMPLICIT_RETAIN_SELF = YES;
				CLANG_WARN_OBJC_LITERAL_CONVERSION = YES;
				CLANG_WARN_OBJC_ROOT_CLASS = YES_ERROR;
				CLANG_WARN_RANGE_LOOP_ANALYSIS = YES;
				CLANG_WARN_STRICT_PROTOTYPES = YES;
				CLANG_WARN_SUSPICIOUS_MOVE = YES;
				CLANG_WARN_UNGUARDED_AVAILABILITY = YES_AGGRESSIVE;
				CLANG_WARN_UNREACHABLE_CODE = YES;
				CLANG_WARN__DUPLICATE_METHOD_MATCH = YES;
				CODE_SIGN_IDENTITY = "iPhone Developer";
				COPY_PHASE_STRIP = NO;
				DEBUG_INFORMATION_FORMAT = "dwarf-with-dsym";
				ENABLE_NS_ASSERTIONS = NO;
				ENABLE_STRICT_OBJC_MSGSEND = YES;
				GCC_C_LANGUAGE_STANDARD = gnu11;
				GCC_NO_COMMON_BLOCKS = YES;
				GCC_WARN_64_TO_32_BIT_CONVERSION = YES;
				GCC_WARN_ABOUT_RETURN_TYPE = YES_ERROR;
				GCC_WARN_UNDECLARED_SELECTOR = YES;
				GCC_WARN_UNINITIALIZED_AUTOS = YES_AGGRESSIVE;
				GCC_WARN_UNUSED_FUNCTION = YES;
				GCC_WARN_UNUSED_VARIABLE = YES;
				IPHONEOS_DEPLOYMENT_TARGET = 11.4;
				MTL_ENABLE_DEBUG_INFO = NO;
				SDKROOT = iphoneos;
				SWIFT_COMPILATION_MODE = wholemodule;
				SWIFT_OPTIMIZATION_LEVEL = "-O";
				VALIDATE_PRODUCT = YES;
			};
			name = Release;
		};
		9429A1DC21A75AA700EA26EC /* Debug */ = {
			isa = XCBuildConfiguration;
			buildSettings = {
				ASSETCATALOG_COMPILER_APPICON_NAME = AppIcon;
				CODE_SIGN_STYLE = Automatic;
				DEVELOPMENT_TEAM = M7LGDAYZ7K;
				INFOPLIST_FILE = WhatBugIsThis/Info.plist;
				LD_RUNPATH_SEARCH_PATHS = (
					"$(inherited)",
					"@executable_path/Frameworks",
				);
				PRODUCT_BUNDLE_IDENTIFIER = edu.gvsu.cis.WhatBugIsThis;
				PRODUCT_NAME = "$(TARGET_NAME)";
				SWIFT_VERSION = 4.0;
				TARGETED_DEVICE_FAMILY = "1,2";
			};
			name = Debug;
		};
		9429A1DD21A75AA700EA26EC /* Release */ = {
			isa = XCBuildConfiguration;
			buildSettings = {
				ASSETCATALOG_COMPILER_APPICON_NAME = AppIcon;
				CODE_SIGN_STYLE = Automatic;
				DEVELOPMENT_TEAM = M7LGDAYZ7K;
				INFOPLIST_FILE = WhatBugIsThis/Info.plist;
				LD_RUNPATH_SEARCH_PATHS = (
					"$(inherited)",
					"@executable_path/Frameworks",
				);
				PRODUCT_BUNDLE_IDENTIFIER = edu.gvsu.cis.WhatBugIsThis;
				PRODUCT_NAME = "$(TARGET_NAME)";
				SWIFT_VERSION = 4.0;
				TARGETED_DEVICE_FAMILY = "1,2";
			};
			name = Release;
		};
		9429A1DF21A75AA700EA26EC /* Debug */ = {
			isa = XCBuildConfiguration;
			buildSettings = {
				ALWAYS_EMBED_SWIFT_STANDARD_LIBRARIES = YES;
				BUNDLE_LOADER = "$(TEST_HOST)";
				CODE_SIGN_STYLE = Automatic;
				DEVELOPMENT_TEAM = M7LGDAYZ7K;
				INFOPLIST_FILE = WhatBugIsThisTests/Info.plist;
				LD_RUNPATH_SEARCH_PATHS = (
					"$(inherited)",
					"@executable_path/Frameworks",
					"@loader_path/Frameworks",
				);
				PRODUCT_BUNDLE_IDENTIFIER = edu.gvsu.cis.WhatBugIsThisTests;
				PRODUCT_NAME = "$(TARGET_NAME)";
				SWIFT_VERSION = 4.0;
				TARGETED_DEVICE_FAMILY = "1,2";
				TEST_HOST = "$(BUILT_PRODUCTS_DIR)/WhatBugIsThis.app/WhatBugIsThis";
			};
			name = Debug;
		};
		9429A1E021A75AA700EA26EC /* Release */ = {
			isa = XCBuildConfiguration;
			buildSettings = {
				ALWAYS_EMBED_SWIFT_STANDARD_LIBRARIES = YES;
				BUNDLE_LOADER = "$(TEST_HOST)";
				CODE_SIGN_STYLE = Automatic;
				DEVELOPMENT_TEAM = M7LGDAYZ7K;
				INFOPLIST_FILE = WhatBugIsThisTests/Info.plist;
				LD_RUNPATH_SEARCH_PATHS = (
					"$(inherited)",
					"@executable_path/Frameworks",
					"@loader_path/Frameworks",
				);
				PRODUCT_BUNDLE_IDENTIFIER = edu.gvsu.cis.WhatBugIsThisTests;
				PRODUCT_NAME = "$(TARGET_NAME)";
				SWIFT_VERSION = 4.0;
				TARGETED_DEVICE_FAMILY = "1,2";
				TEST_HOST = "$(BUILT_PRODUCTS_DIR)/WhatBugIsThis.app/WhatBugIsThis";
			};
			name = Release;
		};
		9429A1E221A75AA700EA26EC /* Debug */ = {
			isa = XCBuildConfiguration;
			buildSettings = {
				ALWAYS_EMBED_SWIFT_STANDARD_LIBRARIES = YES;
				CODE_SIGN_STYLE = Automatic;
				DEVELOPMENT_TEAM = M7LGDAYZ7K;
				INFOPLIST_FILE = WhatBugIsThisUITests/Info.plist;
				LD_RUNPATH_SEARCH_PATHS = (
					"$(inherited)",
					"@executable_path/Frameworks",
					"@loader_path/Frameworks",
				);
				PRODUCT_BUNDLE_IDENTIFIER = edu.gvsu.cis.WhatBugIsThisUITests;
				PRODUCT_NAME = "$(TARGET_NAME)";
				SWIFT_VERSION = 4.0;
				TARGETED_DEVICE_FAMILY = "1,2";
				TEST_TARGET_NAME = WhatBugIsThis;
			};
			name = Debug;
		};
		9429A1E321A75AA700EA26EC /* Release */ = {
			isa = XCBuildConfiguration;
			buildSettings = {
				ALWAYS_EMBED_SWIFT_STANDARD_LIBRARIES = YES;
				CODE_SIGN_STYLE = Automatic;
				DEVELOPMENT_TEAM = M7LGDAYZ7K;
				INFOPLIST_FILE = WhatBugIsThisUITests/Info.plist;
				LD_RUNPATH_SEARCH_PATHS = (
					"$(inherited)",
					"@executable_path/Frameworks",
					"@loader_path/Frameworks",
				);
				PRODUCT_BUNDLE_IDENTIFIER = edu.gvsu.cis.WhatBugIsThisUITests;
				PRODUCT_NAME = "$(TARGET_NAME)";
				SWIFT_VERSION = 4.0;
				TARGETED_DEVICE_FAMILY = "1,2";
				TEST_TARGET_NAME = WhatBugIsThis;
			};
			name = Release;
		};
/* End XCBuildConfiguration section */

/* Begin XCConfigurationList section */
		9429A1AE21A75AA500EA26EC /* Build configuration list for PBXProject "WhatBugIsThis" */ = {
			isa = XCConfigurationList;
			buildConfigurations = (
				9429A1D921A75AA700EA26EC /* Debug */,
				9429A1DA21A75AA700EA26EC /* Release */,
			);
			defaultConfigurationIsVisible = 0;
			defaultConfigurationName = Release;
		};
		9429A1DB21A75AA700EA26EC /* Build configuration list for PBXNativeTarget "WhatBugIsThis" */ = {
			isa = XCConfigurationList;
			buildConfigurations = (
				9429A1DC21A75AA700EA26EC /* Debug */,
				9429A1DD21A75AA700EA26EC /* Release */,
			);
			defaultConfigurationIsVisible = 0;
			defaultConfigurationName = Release;
		};
		9429A1DE21A75AA700EA26EC /* Build configuration list for PBXNativeTarget "WhatBugIsThisTests" */ = {
			isa = XCConfigurationList;
			buildConfigurations = (
				9429A1DF21A75AA700EA26EC /* Debug */,
				9429A1E021A75AA700EA26EC /* Release */,
			);
			defaultConfigurationIsVisible = 0;
			defaultConfigurationName = Release;
		};
		9429A1E121A75AA700EA26EC /* Build configuration list for PBXNativeTarget "WhatBugIsThisUITests" */ = {
			isa = XCConfigurationList;
			buildConfigurations = (
				9429A1E221A75AA700EA26EC /* Debug */,
				9429A1E321A75AA700EA26EC /* Release */,
			);
			defaultConfigurationIsVisible = 0;
			defaultConfigurationName = Release;
		};
/* End XCConfigurationList section */
	};
	rootObject = 9429A1AB21A75AA500EA26EC /* Project object */;
}
